
Microsoft Visual Studio Solution File, Format Version 12.00
# Visual Studio Version 16
VisualStudioVersion = 16.0.28606.126
MinimumVisualStudioVersion = 10.0.40219.1
Project("{FAE04EC0-301F-11D3-BF4B-00C04F79EFBC}") = "Quimica", "Quimica\Quimica.csproj", "{63FDE422-E130-4516-A366-1EFD05D8437E}"
EndProject
Global
	GlobalSection(SolutionConfigurationPlatforms) = preSolution
		Debug|Any CPU = Debug|Any CPU
		Release|Any CPU = Release|Any CPU
	EndGlobalSection
	GlobalSection(ProjectConfigurationPlatforms) = postSolution
		{63FDE422-E130-4516-A366-1EFD05D8437E}.Debug|Any CPU.ActiveCfg = Debug|Any CPU
		{63FDE422-E130-4516-A366-1EFD05D8437E}.Debug|Any CPU.Build.0 = Debug|Any CPU
		{63FDE422-E130-4516-A366-1EFD05D8437E}.Release|Any CPU.ActiveCfg = Release|Any CPU
		{63FDE422-E130-4516-A366-1EFD05D8437E}.Release|Any CPU.Build.0 = Release|Any CPU
	EndGlobalSection
	GlobalSection(SolutionProperties) = preSolution
		HideSolutionNode = FALSE
	EndGlobalSection
	GlobalSection(ExtensibilityGlobals) = postSolution
		SolutionGuid = {A265C19C-8B18-42D5-9A2E-F045383D74D3}
	EndGlobalSection
EndGlobal
